{
  "object": {
    "pins": [
      {
        "package": "CCommonCrypto",
        "repositoryURL": "https://github.com/jernejstrasner/CCommonCrypto.git",
        "state": {
          "branch": null,
          "revision": "0530a4637e4a3728f6d5f23199a2f6e4f56c126d",
          "version": "1.1.0"
        }
      },
      {
        "package": "SwiftCrypto",
        "repositoryURL": "https://github.com/jernejstrasner/SwiftCrypto.git",
        "state": {
          "branch": null,
          "revision": "c00a115c0e79eb9b68a53060670469a0a9a349f4",
          "version": "1.0.1"
        }
      }
    ]
  },
  "version": 1
}
